
Microsoft Visual Studio Solution File, Format Version 12.00
# Visual Studio Version 17
VisualStudioVersion = 17.14.36109.1
MinimumVisualStudioVersion = 10.0.40219.1
Project("{FAE04EC0-301F-11D3-BF4B-00C04F79EFBC}") = "SGBL", "SGBL\SGBL.csproj", "{A8F6D4EB-BB67-4CC8-8899-8476F49F1838}"
EndProject
Project("{2150E333-8FDC-42A3-9474-1A3956D46DE8}") = "Source", "Source", "{02EA681E-C7D8-13C7-8484-4AC65E1B71E8}"
EndProject
Project("{2150E333-8FDC-42A3-9474-1A3956D46DE8}") = "Core", "Core", "{D39C911B-80CA-4ADD-85C1-99A4854183E7}"
EndProject
Project("{2150E333-8FDC-42A3-9474-1A3956D46DE8}") = "Infrastructure", "Infrastructure", "{5D52DCD6-B364-4829-9325-30882D05FAA3}"
EndProject
Project("{2150E333-8FDC-42A3-9474-1A3956D46DE8}") = "Presentation", "Presentation", "{D81702D6-37A6-4BB1-94F2-9D08BF01E30E}"
EndProject
Project("{2150E333-8FDC-42A3-9474-1A3956D46DE8}") = "WebApp", "WebApp", "{DE63D577-FB59-4F63-BA7D-E62A1091DFE0}"
EndProject
Project("{FAE04EC0-301F-11D3-BF4B-00C04F79EFBC}") = "SGBL.Core.Application", "SGBL.Core.Application\SGBL.Core.Application.csproj", "{542F5E8A-BBA0-4EA0-BA8F-F6B406004C15}"
EndProject
Project("{FAE04EC0-301F-11D3-BF4B-00C04F79EFBC}") = "SGBL.Core.Domain", "SGBL.Core.Domain\SGBL.Core.Domain.csproj", "{D054BC12-DEB6-4BFC-A57F-37238986010E}"
EndProject
Project("{FAE04EC0-301F-11D3-BF4B-00C04F79EFBC}") = "SGBL.Infrastructure.Persistence", "SGBL.Infrastructure.Persistence\SGBL.Infrastructure.Persistence.csproj", "{C9F67A8D-7A1A-4EB0-ACDA-134AFA9E4FCB}"
EndProject
Project("{FAE04EC0-301F-11D3-BF4B-00C04F79EFBC}") = "SGBL.Infrastructure.Shared", "SGBL.Infrastructure.Shared\SGBL.Infrastructure.Shared.csproj", "{5761BCDC-CBF8-4BC8-9789-A424A7F71C0F}"
EndProject
Project("{FAE04EC0-301F-11D3-BF4B-00C04F79EFBC}") = "SGBL.Infrastructure.Identity", "SGBL.Infrastructure.Identity\SGBL.Infrastructure.Identity.csproj", "{0115B49C-5BAF-4316-9CD9-CB530163A8D7}"
EndProject
Global
	GlobalSection(SolutionConfigurationPlatforms) = preSolution
		Debug|Any CPU = Debug|Any CPU
		Release|Any CPU = Release|Any CPU
	EndGlobalSection
	GlobalSection(ProjectConfigurationPlatforms) = postSolution
		{A8F6D4EB-BB67-4CC8-8899-8476F49F1838}.Debug|Any CPU.ActiveCfg = Debug|Any CPU
		{A8F6D4EB-BB67-4CC8-8899-8476F49F1838}.Debug|Any CPU.Build.0 = Debug|Any CPU
		{A8F6D4EB-BB67-4CC8-8899-8476F49F1838}.Release|Any CPU.ActiveCfg = Release|Any CPU
		{A8F6D4EB-BB67-4CC8-8899-8476F49F1838}.Release|Any CPU.Build.0 = Release|Any CPU
		{542F5E8A-BBA0-4EA0-BA8F-F6B406004C15}.Debug|Any CPU.ActiveCfg = Debug|Any CPU
		{542F5E8A-BBA0-4EA0-BA8F-F6B406004C15}.Debug|Any CPU.Build.0 = Debug|Any CPU
		{542F5E8A-BBA0-4EA0-BA8F-F6B406004C15}.Release|Any CPU.ActiveCfg = Release|Any CPU
		{542F5E8A-BBA0-4EA0-BA8F-F6B406004C15}.Release|Any CPU.Build.0 = Release|Any CPU
		{D054BC12-DEB6-4BFC-A57F-37238986010E}.Debug|Any CPU.ActiveCfg = Debug|Any CPU
		{D054BC12-DEB6-4BFC-A57F-37238986010E}.Debug|Any CPU.Build.0 = Debug|Any CPU
		{D054BC12-DEB6-4BFC-A57F-37238986010E}.Release|Any CPU.ActiveCfg = Release|Any CPU
		{D054BC12-DEB6-4BFC-A57F-37238986010E}.Release|Any CPU.Build.0 = Release|Any CPU
		{C9F67A8D-7A1A-4EB0-ACDA-134AFA9E4FCB}.Debug|Any CPU.ActiveCfg = Debug|Any CPU
		{C9F67A8D-7A1A-4EB0-ACDA-134AFA9E4FCB}.Debug|Any CPU.Build.0 = Debug|Any CPU
		{C9F67A8D-7A1A-4EB0-ACDA-134AFA9E4FCB}.Release|Any CPU.ActiveCfg = Release|Any CPU
		{C9F67A8D-7A1A-4EB0-ACDA-134AFA9E4FCB}.Release|Any CPU.Build.0 = Release|Any CPU
		{5761BCDC-CBF8-4BC8-9789-A424A7F71C0F}.Debug|Any CPU.ActiveCfg = Debug|Any CPU
		{5761BCDC-CBF8-4BC8-9789-A424A7F71C0F}.Debug|Any CPU.Build.0 = Debug|Any CPU
		{5761BCDC-CBF8-4BC8-9789-A424A7F71C0F}.Release|Any CPU.ActiveCfg = Release|Any CPU
		{5761BCDC-CBF8-4BC8-9789-A424A7F71C0F}.Release|Any CPU.Build.0 = Release|Any CPU
		{0115B49C-5BAF-4316-9CD9-CB530163A8D7}.Debug|Any CPU.ActiveCfg = Debug|Any CPU
		{0115B49C-5BAF-4316-9CD9-CB530163A8D7}.Debug|Any CPU.Build.0 = Debug|Any CPU
		{0115B49C-5BAF-4316-9CD9-CB530163A8D7}.Release|Any CPU.ActiveCfg = Release|Any CPU
		{0115B49C-5BAF-4316-9CD9-CB530163A8D7}.Release|Any CPU.Build.0 = Release|Any CPU
	EndGlobalSection
	GlobalSection(SolutionProperties) = preSolution
		HideSolutionNode = FALSE
	EndGlobalSection
	GlobalSection(NestedProjects) = preSolution
		{A8F6D4EB-BB67-4CC8-8899-8476F49F1838} = {DE63D577-FB59-4F63-BA7D-E62A1091DFE0}
		{D39C911B-80CA-4ADD-85C1-99A4854183E7} = {02EA681E-C7D8-13C7-8484-4AC65E1B71E8}
		{5D52DCD6-B364-4829-9325-30882D05FAA3} = {02EA681E-C7D8-13C7-8484-4AC65E1B71E8}
		{D81702D6-37A6-4BB1-94F2-9D08BF01E30E} = {02EA681E-C7D8-13C7-8484-4AC65E1B71E8}
		{DE63D577-FB59-4F63-BA7D-E62A1091DFE0} = {D81702D6-37A6-4BB1-94F2-9D08BF01E30E}
		{542F5E8A-BBA0-4EA0-BA8F-F6B406004C15} = {D39C911B-80CA-4ADD-85C1-99A4854183E7}
		{D054BC12-DEB6-4BFC-A57F-37238986010E} = {D39C911B-80CA-4ADD-85C1-99A4854183E7}
		{C9F67A8D-7A1A-4EB0-ACDA-134AFA9E4FCB} = {5D52DCD6-B364-4829-9325-30882D05FAA3}
		{5761BCDC-CBF8-4BC8-9789-A424A7F71C0F} = {5D52DCD6-B364-4829-9325-30882D05FAA3}
		{0115B49C-5BAF-4316-9CD9-CB530163A8D7} = {5D52DCD6-B364-4829-9325-30882D05FAA3}
	EndGlobalSection
	GlobalSection(ExtensibilityGlobals) = postSolution
		SolutionGuid = {960E3EC2-A343-4995-870E-55E0D29FCEFA}
	EndGlobalSection
EndGlobal
